
Microsoft Visual Studio Solution File, Format Version 12.00
Project("{FAE04EC0-301F-11D3-BF4B-00C04F79EFBC}") = "ASP.NET", "ASP.NET\ASP.NET.csproj", "{C6DF8ACF-B136-4E5F-B1E4-E1F7395E2F82}"
EndProject
Global
	GlobalSection(SolutionConfigurationPlatforms) = preSolution
		Debug|Any CPU = Debug|Any CPU
		Release|Any CPU = Release|Any CPU
	EndGlobalSection
	GlobalSection(ProjectConfigurationPlatforms) = postSolution
		{C6DF8ACF-B136-4E5F-B1E4-E1F7395E2F82}.Debug|Any CPU.ActiveCfg = Debug|Any CPU
		{C6DF8ACF-B136-4E5F-B1E4-E1F7395E2F82}.Debug|Any CPU.Build.0 = Debug|Any CPU
		{C6DF8ACF-B136-4E5F-B1E4-E1F7395E2F82}.Release|Any CPU.ActiveCfg = Release|Any CPU
		{C6DF8ACF-B136-4E5F-B1E4-E1F7395E2F82}.Release|Any CPU.Build.0 = Release|Any CPU
	EndGlobalSection
EndGlobal
